
Microsoft Visual Studio Solution File, Format Version 12.00
# Visual Studio Version 17
VisualStudioVersion = 17.2.32616.157
MinimumVisualStudioVersion = 10.0.40219.1
Project("{FAE04EC0-301F-11D3-BF4B-00C04F79EFBC}") = "DocGen", "DocGen\DocGen\DocGen.csproj", "{B5D86660-9467-4B7A-A78D-9046C5A6CCCC}"
EndProject
Project("{FAE04EC0-301F-11D3-BF4B-00C04F79EFBC}") = "DocGen.CodeFixes", "DocGen\DocGen.CodeFixes\DocGen.CodeFixes.csproj", "{314CAD2D-768E-4C61-B5C5-83C08CD1F489}"
EndProject
Project("{FAE04EC0-301F-11D3-BF4B-00C04F79EFBC}") = "DocGen.Package", "DocGen\DocGen.Package\DocGen.Package.csproj", "{43A30954-0D65-4778-A4B0-0B378F8A9C8F}"
EndProject
Project("{FAE04EC0-301F-11D3-BF4B-00C04F79EFBC}") = "DocGen.Test", "DocGen\DocGen.Test\DocGen.Test.csproj", "{BF24FA41-84CE-45CE-98B9-CD0219918008}"
EndProject
Project("{FAE04EC0-301F-11D3-BF4B-00C04F79EFBC}") = "DocGen.Vsix", "DocGen\DocGen.Vsix\DocGen.Vsix.csproj", "{5377361D-479E-4857-8DCC-FDBB2E9EEA30}"
EndProject
Global
	GlobalSection(SolutionConfigurationPlatforms) = preSolution
		Debug|Any CPU = Debug|Any CPU
		Release|Any CPU = Release|Any CPU
	EndGlobalSection
	GlobalSection(ProjectConfigurationPlatforms) = postSolution
		{B5D86660-9467-4B7A-A78D-9046C5A6CCCC}.Debug|Any CPU.ActiveCfg = Debug|Any CPU
		{B5D86660-9467-4B7A-A78D-9046C5A6CCCC}.Debug|Any CPU.Build.0 = Debug|Any CPU
		{B5D86660-9467-4B7A-A78D-9046C5A6CCCC}.Release|Any CPU.ActiveCfg = Release|Any CPU
		{B5D86660-9467-4B7A-A78D-9046C5A6CCCC}.Release|Any CPU.Build.0 = Release|Any CPU
		{314CAD2D-768E-4C61-B5C5-83C08CD1F489}.Debug|Any CPU.ActiveCfg = Debug|Any CPU
		{314CAD2D-768E-4C61-B5C5-83C08CD1F489}.Debug|Any CPU.Build.0 = Debug|Any CPU
		{314CAD2D-768E-4C61-B5C5-83C08CD1F489}.Release|Any CPU.ActiveCfg = Release|Any CPU
		{314CAD2D-768E-4C61-B5C5-83C08CD1F489}.Release|Any CPU.Build.0 = Release|Any CPU
		{43A30954-0D65-4778-A4B0-0B378F8A9C8F}.Debug|Any CPU.ActiveCfg = Debug|Any CPU
		{43A30954-0D65-4778-A4B0-0B378F8A9C8F}.Debug|Any CPU.Build.0 = Debug|Any CPU
		{43A30954-0D65-4778-A4B0-0B378F8A9C8F}.Release|Any CPU.ActiveCfg = Release|Any CPU
		{43A30954-0D65-4778-A4B0-0B378F8A9C8F}.Release|Any CPU.Build.0 = Release|Any CPU
		{BF24FA41-84CE-45CE-98B9-CD0219918008}.Debug|Any CPU.ActiveCfg = Debug|Any CPU
		{BF24FA41-84CE-45CE-98B9-CD0219918008}.Debug|Any CPU.Build.0 = Debug|Any CPU
		{BF24FA41-84CE-45CE-98B9-CD0219918008}.Release|Any CPU.ActiveCfg = Release|Any CPU
		{BF24FA41-84CE-45CE-98B9-CD0219918008}.Release|Any CPU.Build.0 = Release|Any CPU
		{5377361D-479E-4857-8DCC-FDBB2E9EEA30}.Debug|Any CPU.ActiveCfg = Debug|Any CPU
		{5377361D-479E-4857-8DCC-FDBB2E9EEA30}.Debug|Any CPU.Build.0 = Debug|Any CPU
		{5377361D-479E-4857-8DCC-FDBB2E9EEA30}.Release|Any CPU.ActiveCfg = Release|Any CPU
		{5377361D-479E-4857-8DCC-FDBB2E9EEA30}.Release|Any CPU.Build.0 = Release|Any CPU
	EndGlobalSection
	GlobalSection(SolutionProperties) = preSolution
		HideSolutionNode = FALSE
	EndGlobalSection
	GlobalSection(ExtensibilityGlobals) = postSolution
		SolutionGuid = {DA888689-FD50-4756-86FE-895D523A66D4}
	EndGlobalSection
EndGlobal
